
Microsoft Visual Studio Solution File, Format Version 10.00
# Visual Studio 2008
Project("{FAE04EC0-301F-11D3-BF4B-00C04F79EFBC}") = "Pronouncable Password Generator", "Pronouncable Password Generator\Pronouncable Password Generator.csproj", "{9101CA76-0D86-4534-824C-046C800DBE55}"
EndProject
Project("{FAE04EC0-301F-11D3-BF4B-00C04F79EFBC}") = "Fpi.Security", "..\Fpi.Security\Fpi.Security.csproj", "{967469CF-AEFC-4E61-90EA-3E777556C30F}"
EndProject
Global
	GlobalSection(SolutionConfigurationPlatforms) = preSolution
		Debug|Any CPU = Debug|Any CPU
		Release|Any CPU = Release|Any CPU
	EndGlobalSection
	GlobalSection(ProjectConfigurationPlatforms) = postSolution
		{9101CA76-0D86-4534-824C-046C800DBE55}.Debug|Any CPU.ActiveCfg = Debug|Any CPU
		{9101CA76-0D86-4534-824C-046C800DBE55}.Debug|Any CPU.Build.0 = Debug|Any CPU
		{9101CA76-0D86-4534-824C-046C800DBE55}.Release|Any CPU.ActiveCfg = Release|Any CPU
		{9101CA76-0D86-4534-824C-046C800DBE55}.Release|Any CPU.Build.0 = Release|Any CPU
		{967469CF-AEFC-4E61-90EA-3E777556C30F}.Debug|Any CPU.ActiveCfg = Debug|Any CPU
		{967469CF-AEFC-4E61-90EA-3E777556C30F}.Debug|Any CPU.Build.0 = Debug|Any CPU
		{967469CF-AEFC-4E61-90EA-3E777556C30F}.Release|Any CPU.ActiveCfg = Release|Any CPU
		{967469CF-AEFC-4E61-90EA-3E777556C30F}.Release|Any CPU.Build.0 = Release|Any CPU
	EndGlobalSection
	GlobalSection(SolutionProperties) = preSolution
		HideSolutionNode = FALSE
	EndGlobalSection
EndGlobal
